
Microsoft Visual Studio Solution File, Format Version 12.00
# Visual Studio 15
VisualStudioVersion = 15.0.26124.0
MinimumVisualStudioVersion = 15.0.26124.0
Project("{2150E333-8FDC-42A3-9474-1A3956D46DE8}") = "src", "src", "{9A619B8E-FFEA-40BA-9AED-271718A53D2E}"
EndProject
Project("{2150E333-8FDC-42A3-9474-1A3956D46DE8}") = "Infrastructure", "Infrastructure", "{C6CA98B8-4815-48AA-8896-BBEBC81809B4}"
EndProject
Project("{FAE04EC0-301F-11D3-BF4B-00C04F79EFBC}") = "Students.Core", "src\Infrastructure\Students.Core\Students.Core.csproj", "{212BD364-AEB1-4A21-9814-C10FA0113E5A}"
EndProject
Project("{FAE04EC0-301F-11D3-BF4B-00C04F79EFBC}") = "Students.Data", "src\Infrastructure\Students.Data\Students.Data.csproj", "{3C297913-8D81-4AC8-9C5A-DEC063DC4FFA}"
EndProject
Project("{FAE04EC0-301F-11D3-BF4B-00C04F79EFBC}") = "Students.Services", "src\Infrastructure\Students.Services\Students.Services.csproj", "{81E649CA-AF64-453B-ABA1-4FF794E4B764}"
EndProject
Project("{2150E333-8FDC-42A3-9474-1A3956D46DE8}") = "WebApi", "WebApi", "{1EDE3A2B-C9FC-4B78-B620-CD315CF639EB}"
EndProject
Project("{FAE04EC0-301F-11D3-BF4B-00C04F79EFBC}") = "StudentsApi", "src\WebApi\StudentsApi\StudentsApi.csproj", "{E22C2580-3773-414A-AB47-5F63DE9E36D7}"
EndProject
Global
	GlobalSection(SolutionConfigurationPlatforms) = preSolution
		Debug|Any CPU = Debug|Any CPU
		Debug|x64 = Debug|x64
		Debug|x86 = Debug|x86
		Release|Any CPU = Release|Any CPU
		Release|x64 = Release|x64
		Release|x86 = Release|x86
	EndGlobalSection
	GlobalSection(SolutionProperties) = preSolution
		HideSolutionNode = FALSE
	EndGlobalSection
	GlobalSection(ProjectConfigurationPlatforms) = postSolution
		{212BD364-AEB1-4A21-9814-C10FA0113E5A}.Debug|Any CPU.ActiveCfg = Debug|Any CPU
		{212BD364-AEB1-4A21-9814-C10FA0113E5A}.Debug|Any CPU.Build.0 = Debug|Any CPU
		{212BD364-AEB1-4A21-9814-C10FA0113E5A}.Debug|x64.ActiveCfg = Debug|Any CPU
		{212BD364-AEB1-4A21-9814-C10FA0113E5A}.Debug|x64.Build.0 = Debug|Any CPU
		{212BD364-AEB1-4A21-9814-C10FA0113E5A}.Debug|x86.ActiveCfg = Debug|Any CPU
		{212BD364-AEB1-4A21-9814-C10FA0113E5A}.Debug|x86.Build.0 = Debug|Any CPU
		{212BD364-AEB1-4A21-9814-C10FA0113E5A}.Release|Any CPU.ActiveCfg = Release|Any CPU
		{212BD364-AEB1-4A21-9814-C10FA0113E5A}.Release|Any CPU.Build.0 = Release|Any CPU
		{212BD364-AEB1-4A21-9814-C10FA0113E5A}.Release|x64.ActiveCfg = Release|Any CPU
		{212BD364-AEB1-4A21-9814-C10FA0113E5A}.Release|x64.Build.0 = Release|Any CPU
		{212BD364-AEB1-4A21-9814-C10FA0113E5A}.Release|x86.ActiveCfg = Release|Any CPU
		{212BD364-AEB1-4A21-9814-C10FA0113E5A}.Release|x86.Build.0 = Release|Any CPU
		{3C297913-8D81-4AC8-9C5A-DEC063DC4FFA}.Debug|Any CPU.ActiveCfg = Debug|Any CPU
		{3C297913-8D81-4AC8-9C5A-DEC063DC4FFA}.Debug|Any CPU.Build.0 = Debug|Any CPU
		{3C297913-8D81-4AC8-9C5A-DEC063DC4FFA}.Debug|x64.ActiveCfg = Debug|Any CPU
		{3C297913-8D81-4AC8-9C5A-DEC063DC4FFA}.Debug|x64.Build.0 = Debug|Any CPU
		{3C297913-8D81-4AC8-9C5A-DEC063DC4FFA}.Debug|x86.ActiveCfg = Debug|Any CPU
		{3C297913-8D81-4AC8-9C5A-DEC063DC4FFA}.Debug|x86.Build.0 = Debug|Any CPU
		{3C297913-8D81-4AC8-9C5A-DEC063DC4FFA}.Release|Any CPU.ActiveCfg = Release|Any CPU
		{3C297913-8D81-4AC8-9C5A-DEC063DC4FFA}.Release|Any CPU.Build.0 = Release|Any CPU
		{3C297913-8D81-4AC8-9C5A-DEC063DC4FFA}.Release|x64.ActiveCfg = Release|Any CPU
		{3C297913-8D81-4AC8-9C5A-DEC063DC4FFA}.Release|x64.Build.0 = Release|Any CPU
		{3C297913-8D81-4AC8-9C5A-DEC063DC4FFA}.Release|x86.ActiveCfg = Release|Any CPU
		{3C297913-8D81-4AC8-9C5A-DEC063DC4FFA}.Release|x86.Build.0 = Release|Any CPU
		{81E649CA-AF64-453B-ABA1-4FF794E4B764}.Debug|Any CPU.ActiveCfg = Debug|Any CPU
		{81E649CA-AF64-453B-ABA1-4FF794E4B764}.Debug|Any CPU.Build.0 = Debug|Any CPU
		{81E649CA-AF64-453B-ABA1-4FF794E4B764}.Debug|x64.ActiveCfg = Debug|Any CPU
		{81E649CA-AF64-453B-ABA1-4FF794E4B764}.Debug|x64.Build.0 = Debug|Any CPU
		{81E649CA-AF64-453B-ABA1-4FF794E4B764}.Debug|x86.ActiveCfg = Debug|Any CPU
		{81E649CA-AF64-453B-ABA1-4FF794E4B764}.Debug|x86.Build.0 = Debug|Any CPU
		{81E649CA-AF64-453B-ABA1-4FF794E4B764}.Release|Any CPU.ActiveCfg = Release|Any CPU
		{81E649CA-AF64-453B-ABA1-4FF794E4B764}.Release|Any CPU.Build.0 = Release|Any CPU
		{81E649CA-AF64-453B-ABA1-4FF794E4B764}.Release|x64.ActiveCfg = Release|Any CPU
		{81E649CA-AF64-453B-ABA1-4FF794E4B764}.Release|x64.Build.0 = Release|Any CPU
		{81E649CA-AF64-453B-ABA1-4FF794E4B764}.Release|x86.ActiveCfg = Release|Any CPU
		{81E649CA-AF64-453B-ABA1-4FF794E4B764}.Release|x86.Build.0 = Release|Any CPU
		{E22C2580-3773-414A-AB47-5F63DE9E36D7}.Debug|Any CPU.ActiveCfg = Debug|Any CPU
		{E22C2580-3773-414A-AB47-5F63DE9E36D7}.Debug|Any CPU.Build.0 = Debug|Any CPU
		{E22C2580-3773-414A-AB47-5F63DE9E36D7}.Debug|x64.ActiveCfg = Debug|Any CPU
		{E22C2580-3773-414A-AB47-5F63DE9E36D7}.Debug|x64.Build.0 = Debug|Any CPU
		{E22C2580-3773-414A-AB47-5F63DE9E36D7}.Debug|x86.ActiveCfg = Debug|Any CPU
		{E22C2580-3773-414A-AB47-5F63DE9E36D7}.Debug|x86.Build.0 = Debug|Any CPU
		{E22C2580-3773-414A-AB47-5F63DE9E36D7}.Release|Any CPU.ActiveCfg = Release|Any CPU
		{E22C2580-3773-414A-AB47-5F63DE9E36D7}.Release|Any CPU.Build.0 = Release|Any CPU
		{E22C2580-3773-414A-AB47-5F63DE9E36D7}.Release|x64.ActiveCfg = Release|Any CPU
		{E22C2580-3773-414A-AB47-5F63DE9E36D7}.Release|x64.Build.0 = Release|Any CPU
		{E22C2580-3773-414A-AB47-5F63DE9E36D7}.Release|x86.ActiveCfg = Release|Any CPU
		{E22C2580-3773-414A-AB47-5F63DE9E36D7}.Release|x86.Build.0 = Release|Any CPU
	EndGlobalSection
	GlobalSection(NestedProjects) = preSolution
		{C6CA98B8-4815-48AA-8896-BBEBC81809B4} = {9A619B8E-FFEA-40BA-9AED-271718A53D2E}
		{212BD364-AEB1-4A21-9814-C10FA0113E5A} = {C6CA98B8-4815-48AA-8896-BBEBC81809B4}
		{3C297913-8D81-4AC8-9C5A-DEC063DC4FFA} = {C6CA98B8-4815-48AA-8896-BBEBC81809B4}
		{81E649CA-AF64-453B-ABA1-4FF794E4B764} = {C6CA98B8-4815-48AA-8896-BBEBC81809B4}
		{1EDE3A2B-C9FC-4B78-B620-CD315CF639EB} = {9A619B8E-FFEA-40BA-9AED-271718A53D2E}
		{E22C2580-3773-414A-AB47-5F63DE9E36D7} = {1EDE3A2B-C9FC-4B78-B620-CD315CF639EB}
	EndGlobalSection
EndGlobal
