
Microsoft Visual Studio Solution File, Format Version 12.00
# Visual Studio 15
VisualStudioVersion = 15.0.26124.0
MinimumVisualStudioVersion = 15.0.26124.0
Project("{2150E333-8FDC-42A3-9474-1A3956D46DE8}") = "src", "src", "{AE482B43-FA8C-4CBE-B9BC-3B855767A145}"
EndProject
Project("{2150E333-8FDC-42A3-9474-1A3956D46DE8}") = "WebApi", "WebApi", "{20516139-1DCD-40A3-AC3E-611D622946C6}"
EndProject
Project("{FAE04EC0-301F-11D3-BF4B-00C04F79EFBC}") = "StudentsApi", "src\WebApi\StudentsApi\StudentsApi.csproj", "{D7A4B031-4B1E-46F5-9881-57BF431A5444}"
EndProject
Project("{2150E333-8FDC-42A3-9474-1A3956D46DE8}") = "Infrastructure", "Infrastructure", "{BE3ADF2D-E116-478D-B45D-51BB498BD7B8}"
EndProject
Project("{FAE04EC0-301F-11D3-BF4B-00C04F79EFBC}") = "Students.Core", "src\Infrastructure\Students.Core\Students.Core.csproj", "{4A8D4969-A2A4-4B75-90AB-4928AC212887}"
EndProject
Project("{FAE04EC0-301F-11D3-BF4B-00C04F79EFBC}") = "Students.Data", "src\Infrastructure\Students.Data\Students.Data.csproj", "{7EF5F61E-B636-4BA3-9AD7-BE1236927548}"
EndProject
Project("{FAE04EC0-301F-11D3-BF4B-00C04F79EFBC}") = "Students.Services", "src\Infrastructure\Students.Services\Students.Services.csproj", "{39EC2E77-1CA7-487C-BDA4-621DF7217C2E}"
EndProject
Global
	GlobalSection(SolutionConfigurationPlatforms) = preSolution
		Debug|Any CPU = Debug|Any CPU
		Debug|x64 = Debug|x64
		Debug|x86 = Debug|x86
		Release|Any CPU = Release|Any CPU
		Release|x64 = Release|x64
		Release|x86 = Release|x86
	EndGlobalSection
	GlobalSection(SolutionProperties) = preSolution
		HideSolutionNode = FALSE
	EndGlobalSection
	GlobalSection(ProjectConfigurationPlatforms) = postSolution
		{D7A4B031-4B1E-46F5-9881-57BF431A5444}.Debug|Any CPU.ActiveCfg = Debug|Any CPU
		{D7A4B031-4B1E-46F5-9881-57BF431A5444}.Debug|Any CPU.Build.0 = Debug|Any CPU
		{D7A4B031-4B1E-46F5-9881-57BF431A5444}.Debug|x64.ActiveCfg = Debug|Any CPU
		{D7A4B031-4B1E-46F5-9881-57BF431A5444}.Debug|x64.Build.0 = Debug|Any CPU
		{D7A4B031-4B1E-46F5-9881-57BF431A5444}.Debug|x86.ActiveCfg = Debug|Any CPU
		{D7A4B031-4B1E-46F5-9881-57BF431A5444}.Debug|x86.Build.0 = Debug|Any CPU
		{D7A4B031-4B1E-46F5-9881-57BF431A5444}.Release|Any CPU.ActiveCfg = Release|Any CPU
		{D7A4B031-4B1E-46F5-9881-57BF431A5444}.Release|Any CPU.Build.0 = Release|Any CPU
		{D7A4B031-4B1E-46F5-9881-57BF431A5444}.Release|x64.ActiveCfg = Release|Any CPU
		{D7A4B031-4B1E-46F5-9881-57BF431A5444}.Release|x64.Build.0 = Release|Any CPU
		{D7A4B031-4B1E-46F5-9881-57BF431A5444}.Release|x86.ActiveCfg = Release|Any CPU
		{D7A4B031-4B1E-46F5-9881-57BF431A5444}.Release|x86.Build.0 = Release|Any CPU
		{4A8D4969-A2A4-4B75-90AB-4928AC212887}.Debug|Any CPU.ActiveCfg = Debug|Any CPU
		{4A8D4969-A2A4-4B75-90AB-4928AC212887}.Debug|Any CPU.Build.0 = Debug|Any CPU
		{4A8D4969-A2A4-4B75-90AB-4928AC212887}.Debug|x64.ActiveCfg = Debug|Any CPU
		{4A8D4969-A2A4-4B75-90AB-4928AC212887}.Debug|x64.Build.0 = Debug|Any CPU
		{4A8D4969-A2A4-4B75-90AB-4928AC212887}.Debug|x86.ActiveCfg = Debug|Any CPU
		{4A8D4969-A2A4-4B75-90AB-4928AC212887}.Debug|x86.Build.0 = Debug|Any CPU
		{4A8D4969-A2A4-4B75-90AB-4928AC212887}.Release|Any CPU.ActiveCfg = Release|Any CPU
		{4A8D4969-A2A4-4B75-90AB-4928AC212887}.Release|Any CPU.Build.0 = Release|Any CPU
		{4A8D4969-A2A4-4B75-90AB-4928AC212887}.Release|x64.ActiveCfg = Release|Any CPU
		{4A8D4969-A2A4-4B75-90AB-4928AC212887}.Release|x64.Build.0 = Release|Any CPU
		{4A8D4969-A2A4-4B75-90AB-4928AC212887}.Release|x86.ActiveCfg = Release|Any CPU
		{4A8D4969-A2A4-4B75-90AB-4928AC212887}.Release|x86.Build.0 = Release|Any CPU
		{7EF5F61E-B636-4BA3-9AD7-BE1236927548}.Debug|Any CPU.ActiveCfg = Debug|Any CPU
		{7EF5F61E-B636-4BA3-9AD7-BE1236927548}.Debug|Any CPU.Build.0 = Debug|Any CPU
		{7EF5F61E-B636-4BA3-9AD7-BE1236927548}.Debug|x64.ActiveCfg = Debug|Any CPU
		{7EF5F61E-B636-4BA3-9AD7-BE1236927548}.Debug|x64.Build.0 = Debug|Any CPU
		{7EF5F61E-B636-4BA3-9AD7-BE1236927548}.Debug|x86.ActiveCfg = Debug|Any CPU
		{7EF5F61E-B636-4BA3-9AD7-BE1236927548}.Debug|x86.Build.0 = Debug|Any CPU
		{7EF5F61E-B636-4BA3-9AD7-BE1236927548}.Release|Any CPU.ActiveCfg = Release|Any CPU
		{7EF5F61E-B636-4BA3-9AD7-BE1236927548}.Release|Any CPU.Build.0 = Release|Any CPU
		{7EF5F61E-B636-4BA3-9AD7-BE1236927548}.Release|x64.ActiveCfg = Release|Any CPU
		{7EF5F61E-B636-4BA3-9AD7-BE1236927548}.Release|x64.Build.0 = Release|Any CPU
		{7EF5F61E-B636-4BA3-9AD7-BE1236927548}.Release|x86.ActiveCfg = Release|Any CPU
		{7EF5F61E-B636-4BA3-9AD7-BE1236927548}.Release|x86.Build.0 = Release|Any CPU
		{39EC2E77-1CA7-487C-BDA4-621DF7217C2E}.Debug|Any CPU.ActiveCfg = Debug|Any CPU
		{39EC2E77-1CA7-487C-BDA4-621DF7217C2E}.Debug|Any CPU.Build.0 = Debug|Any CPU
		{39EC2E77-1CA7-487C-BDA4-621DF7217C2E}.Debug|x64.ActiveCfg = Debug|Any CPU
		{39EC2E77-1CA7-487C-BDA4-621DF7217C2E}.Debug|x64.Build.0 = Debug|Any CPU
		{39EC2E77-1CA7-487C-BDA4-621DF7217C2E}.Debug|x86.ActiveCfg = Debug|Any CPU
		{39EC2E77-1CA7-487C-BDA4-621DF7217C2E}.Debug|x86.Build.0 = Debug|Any CPU
		{39EC2E77-1CA7-487C-BDA4-621DF7217C2E}.Release|Any CPU.ActiveCfg = Release|Any CPU
		{39EC2E77-1CA7-487C-BDA4-621DF7217C2E}.Release|Any CPU.Build.0 = Release|Any CPU
		{39EC2E77-1CA7-487C-BDA4-621DF7217C2E}.Release|x64.ActiveCfg = Release|Any CPU
		{39EC2E77-1CA7-487C-BDA4-621DF7217C2E}.Release|x64.Build.0 = Release|Any CPU
		{39EC2E77-1CA7-487C-BDA4-621DF7217C2E}.Release|x86.ActiveCfg = Release|Any CPU
		{39EC2E77-1CA7-487C-BDA4-621DF7217C2E}.Release|x86.Build.0 = Release|Any CPU
	EndGlobalSection
	GlobalSection(NestedProjects) = preSolution
		{20516139-1DCD-40A3-AC3E-611D622946C6} = {AE482B43-FA8C-4CBE-B9BC-3B855767A145}
		{D7A4B031-4B1E-46F5-9881-57BF431A5444} = {20516139-1DCD-40A3-AC3E-611D622946C6}
		{BE3ADF2D-E116-478D-B45D-51BB498BD7B8} = {AE482B43-FA8C-4CBE-B9BC-3B855767A145}
		{4A8D4969-A2A4-4B75-90AB-4928AC212887} = {BE3ADF2D-E116-478D-B45D-51BB498BD7B8}
		{7EF5F61E-B636-4BA3-9AD7-BE1236927548} = {BE3ADF2D-E116-478D-B45D-51BB498BD7B8}
		{39EC2E77-1CA7-487C-BDA4-621DF7217C2E} = {BE3ADF2D-E116-478D-B45D-51BB498BD7B8}
	EndGlobalSection
EndGlobal
